# This file is generated by running "yarn install" inside your project.
# Manual changes might be lost - proceed with caution!

__metadata:
  version: 4
  cacheKey: 7

"@sindresorhus/is@npm:^4.0.0":
  version: 4.0.0
  resolution: "@sindresorhus/is@npm:4.0.0"
  checksum: 7022d5037ff778c5c369c353e16a173c3797de5f4196b631ec00b0f710a3ccb016937ce454d4fac6ca32d695ed30a59444e941f8f78ff7692dc3c50959b3fe61
  languageName: node
  linkType: hard

"@szmarczak/http-timer@npm:^4.0.5":
  version: 4.0.5
  resolution: "@szmarczak/http-timer@npm:4.0.5"
  dependencies:
    defer-to-connect: ^2.0.0
  checksum: 13d8f71dbd792b620b2cd13d72d086ef031ebefd5263a9db2f34693a32e4d90920fa1d7075cd59bf0c9810b2b1b93ad36d89fc88aba4cd3b8022df7ecc5ffdec
  languageName: node
  linkType: hard

"@types/cacheable-request@npm:^6.0.1":
  version: 6.0.1
  resolution: "@types/cacheable-request@npm:6.0.1"
  dependencies:
    "@types/http-cache-semantics": "*"
    "@types/keyv": "*"
    "@types/node": "*"
    "@types/responselike": "*"
  checksum: 3dae802a0808573986c56b92bf16cd031a5b648b6c893d20c7ef6bfda3fc72a2107c7978697d2b27b14febc597162d6959985eeb5befc307a9f9f3c5081d4905
  languageName: node
  linkType: hard

"@types/http-cache-semantics@npm:*":
  version: 4.0.0
  resolution: "@types/http-cache-semantics@npm:4.0.0"
  checksum: e16fae56d4daea4ed678b4d5918b693b44ca12fb5e479b87d242d3a35bf3a014974dcf9ed7aba7e29149fdb6c3719f9987fca51b20ef10aa84b58f86553c2f74
  languageName: node
  linkType: hard

"@types/keyv@npm:*":
  version: 3.1.1
  resolution: "@types/keyv@npm:3.1.1"
  dependencies:
    "@types/node": "*"
  checksum: 3aaf557d5b82e733d5a17b7f55af5d6be953363c3a594f006d64265790fe87c301c6e1400c0b6b1cf72add50a0ceddc25afb8231ab8302a2e5b6ebfbfac30e5d
  languageName: node
  linkType: hard

"@types/node@npm:*":
  version: 14.14.31
  resolution: "@types/node@npm:14.14.31"
  checksum: 635dc8a0898a923621e02ca179e17baa39fdfa44f0096fcc1b7046c9b32317e74a99956a7b45ca0e8069874f51f4e7873a418239a318a4b6e7936f6510ac5992
  languageName: node
  linkType: hard

"@types/responselike@npm:*, @types/responselike@npm:^1.0.0":
  version: 1.0.0
  resolution: "@types/responselike@npm:1.0.0"
  dependencies:
    "@types/node": "*"
  checksum: e6e6613c800aeda63e2331e753e8d21df1a2c9aa7a4bc71ed792a848e4811fc96e609759089355314a2318c76eff1f161499cd242044838ab1e6f56e463ebb9c
  languageName: node
  linkType: hard

"ajv@npm:^6.12.3":
  version: 6.12.6
  resolution: "ajv@npm:6.12.6"
  dependencies:
    fast-deep-equal: ^3.1.1
    fast-json-stable-stringify: ^2.0.0
    json-schema-traverse: ^0.4.1
    uri-js: ^4.2.2
  checksum: 19a8f3b0a06001eb68e6268f4f9f04424b32baadd5df6ba8292cd473e22e5f4019ed9ab17c3e3510394178ed8bef9b42ad0bdb5c675d65f042421a774780ce1a
  languageName: node
  linkType: hard

"argparse@npm:^1.0.7":
  version: 1.0.10
  resolution: "argparse@npm:1.0.10"
  dependencies:
    sprintf-js: ~1.0.2
  checksum: 435adaef5f6671c3ef1478a22be6fd54bdb99fdbbce8f5561b9cbbb05068ccce87b7df3b9f3322ff52a6ebb9cab2b427cbedac47a07611690a9beaa5184093e2
  languageName: node
  linkType: hard

"asn1@npm:~0.2.3":
  version: 0.2.4
  resolution: "asn1@npm:0.2.4"
  dependencies:
    safer-buffer: ~2.1.0
  checksum: 5743ace942e2faa0b72f3b14bf1826509c5ca707ea150c10520f52b04f90aa715cee4370ec2e6279ce1ceb7d3c472ca33270124e90b495bea4c9b02f41b9d8ac
  languageName: node
  linkType: hard

"assert-plus@npm:1.0.0, assert-plus@npm:^1.0.0":
  version: 1.0.0
  resolution: "assert-plus@npm:1.0.0"
  checksum: 1bda24f67343ccb75a7eee31179c92cf9f79bd6f6bc24101b0ce1495ef979376dd9b0f9b9064812bba564cdade5fbf851ed76b4a44b5e141d49cdaee6ffed6b2
  languageName: node
  linkType: hard

"asynckit@npm:^0.4.0":
  version: 0.4.0
  resolution: "asynckit@npm:0.4.0"
  checksum: a024000b9ddd938e2f27b3cb8188f96a5e1fff58185e98b84862fc4e01de279a547874a800340c2b106bb9de9b0fc61c6c683bc6892abf65e6be29a96addafd3
  languageName: node
  linkType: hard

"aws-sign2@npm:~0.7.0":
  version: 0.7.0
  resolution: "aws-sign2@npm:0.7.0"
  checksum: 7162b9b8fbd4cf451bd889b0ed27fc895f88e6a6cb5c5609de49759ea1a6e31646f86ca8e18d90bea0455c4caa466fc9692c1098a1784d2372a358cb68c1eea6
  languageName: node
  linkType: hard

"aws4@npm:^1.8.0":
  version: 1.11.0
  resolution: "aws4@npm:1.11.0"
  checksum: d30dce2b73839974894d8283a06c53e8374b74d643d3b08340d84c364e01158be011fcfd1a88f8462be946d69055313a3038202f2eafd155b039aaab3549ba21
  languageName: node
  linkType: hard

"bcrypt-pbkdf@npm:^1.0.0":
  version: 1.0.2
  resolution: "bcrypt-pbkdf@npm:1.0.2"
  dependencies:
    tweetnacl: ^0.14.3
  checksum: 3f57eb99bbc02352f68ff31e446997f4d21cc9a5e5286449dc1fe0116ec5dac5a4aa538967d45714fa9320312d2be8d16126f2d357da1dd40a3d546b96e097ed
  languageName: node
  linkType: hard

"boolbase@npm:^1.0.0":
  version: 1.0.0
  resolution: "boolbase@npm:1.0.0"
  checksum: e827963c416fdb1dbcd57e066a43c40829518f4dcdc9f58ed04519daeebb610adacbb6cf102518bda9f08be593c5b1b49a83e36bf6b7d91b3403f7e35510eeae
  languageName: node
  linkType: hard

"cacheable-lookup@npm:^5.0.3":
  version: 5.0.4
  resolution: "cacheable-lookup@npm:5.0.4"
  checksum: cb5849f5841e37f007aeaea2516ecf2cb0a9730667694d131331a04413f6c3bf2587391d55003cc2b95ef59085b5f50ac9887a0b7c673fc0c8102bcc69b6d73d
  languageName: node
  linkType: hard

"cacheable-request@npm:^7.0.1":
  version: 7.0.1
  resolution: "cacheable-request@npm:7.0.1"
  dependencies:
    clone-response: ^1.0.2
    get-stream: ^5.1.0
    http-cache-semantics: ^4.0.0
    keyv: ^4.0.0
    lowercase-keys: ^2.0.0
    normalize-url: ^4.1.0
    responselike: ^2.0.0
  checksum: fe0b6f3b8a145c98fecc00f0f1b13a9886cad9bf4537533c5568cba19db81c8ee09ace9c61967d5a4e72615e174d771b6b8080c3816f0b74fc6f9c69060c3ff0
  languageName: node
  linkType: hard

"caseless@npm:~0.12.0":
  version: 0.12.0
  resolution: "caseless@npm:0.12.0"
  checksum: 147f48bff9bebf029d7050e2335da3f8d295f26d157edf08d8c3282c804dae04a462c4cd6efa8179755686aa3aeaca5c28f3e7f3559698bc0484c65e46c36c5b
  languageName: node
  linkType: hard

"cheerio-select-tmp@npm:^0.1.0":
  version: 0.1.1
  resolution: "cheerio-select-tmp@npm:0.1.1"
  dependencies:
    css-select: ^3.1.2
    css-what: ^4.0.0
    domelementtype: ^2.1.0
    domhandler: ^4.0.0
    domutils: ^2.4.4
  checksum: 6e9331f38749ac5a63aad4fd98baeac4cbd810600f1bcf5ed483034d800313c31a11d1227af672184487105a69dacf899752aa0902e5a9c94ee69e8d209d51f6
  languageName: node
  linkType: hard

"cheerio@npm:^1.0.0-rc.2":
  version: 1.0.0-rc.5
  resolution: "cheerio@npm:1.0.0-rc.5"
  dependencies:
    cheerio-select-tmp: ^0.1.0
    dom-serializer: ~1.2.0
    domhandler: ^4.0.0
    entities: ~2.1.0
    htmlparser2: ^6.0.0
    parse5: ^6.0.0
    parse5-htmlparser2-tree-adapter: ^6.0.0
  checksum: 9e5c762323c3e3b56027a2e638aab6afa28191df399a57e517300a31b35e8b1665c588ab15baf9cb3a7f7ea7de7446e0e4d975cc3386027c2eb06c8ec5ed0b0d
  languageName: node
  linkType: hard

"clone-response@npm:^1.0.2":
  version: 1.0.2
  resolution: "clone-response@npm:1.0.2"
  dependencies:
    mimic-response: ^1.0.0
  checksum: 71832f9219f2682b0915bdbc0dd187ba8e63d16b0af5342b44f97b34afe9400a1f528a253dd2f70a8dd8b23bfa4c4e106928fcc520fa5899d769af95e4cce53c
  languageName: node
  linkType: hard

"combined-stream@npm:^1.0.6, combined-stream@npm:~1.0.6":
  version: 1.0.8
  resolution: "combined-stream@npm:1.0.8"
  dependencies:
    delayed-stream: ~1.0.0
  checksum: 5791ce7944530f0db74a97e77ea28b6fdbf89afcf038e41d6b4195019c4c803cd19ed2905a54959e5b3830d50bd5d6f93c681c6d3aaea8614ad43b48e62e9d65
  languageName: node
  linkType: hard

"core-util-is@npm:1.0.2":
  version: 1.0.2
  resolution: "core-util-is@npm:1.0.2"
  checksum: 089015ee3c462dfceba70faa1df83b42a7bb35db26dae6af283247b06fe3216c65fccd9f00eebcaf98300dc31e981d56aae9f90b624f8f6ff1153e235ff88b65
  languageName: node
  linkType: hard

"css-select@npm:^3.1.2":
  version: 3.1.2
  resolution: "css-select@npm:3.1.2"
  dependencies:
    boolbase: ^1.0.0
    css-what: ^4.0.0
    domhandler: ^4.0.0
    domutils: ^2.4.3
    nth-check: ^2.0.0
  checksum: c06346140ea596220896980b8ce62e7dbc9fc4c902a0858d97ba933f538aecc96fed57967c15793faf76f2a6bab5385650d0a3637e07f498f75c39ce2c9764ab
  languageName: node
  linkType: hard

"css-what@npm:^4.0.0":
  version: 4.0.0
  resolution: "css-what@npm:4.0.0"
  checksum: 2116d25ed233597bfe0b2fb50b56076f5dfc1665f602f8a367bbaa8d086ce91c188d92a47118fa0daf35118456b0a0e537241f89b34b4d98161d63da63740471
  languageName: node
  linkType: hard

"dashdash@npm:^1.12.0":
  version: 1.14.1
  resolution: "dashdash@npm:1.14.1"
  dependencies:
    assert-plus: ^1.0.0
  checksum: 5959409ee42dc4bdbf3fa384b801ece580ca336658bb0342ffab0099b3fc6bf9b3e239e1b82dcc4fcaeee315353e08f2eae47b0928a6a579391598c44958afa1
  languageName: node
  linkType: hard

"decompress-response@npm:^6.0.0":
  version: 6.0.0
  resolution: "decompress-response@npm:6.0.0"
  dependencies:
    mimic-response: ^3.1.0
  checksum: bb8b8c42be7767994764d27f91a3949e3dc9008da82f1aaeab1de40f1ebb50d7abf17b31b2e4000f8d267a1e75f76052efd58d4419124c04bf430e184c164fad
  languageName: node
  linkType: hard

"defer-to-connect@npm:^2.0.0":
  version: 2.0.1
  resolution: "defer-to-connect@npm:2.0.1"
  checksum: 6641e6377732f3066e5f101ae4f22de6b85c45fda3ff0cd710412901af7570cfbb77c9c25cb6dcd5d1b52b816e37fccfc013c9ec7f1f6a95823773625e8be6c5
  languageName: node
  linkType: hard

"delayed-stream@npm:~1.0.0":
  version: 1.0.0
  resolution: "delayed-stream@npm:1.0.0"
  checksum: d9dfb0a7c79fd308fada9db2cf29d1ff22047ceb50dd78f7e3c173567909b438f418259cb76a6d9c9f513e88ef41d3a14154f618741ec8368c3efeff616d0c9f
  languageName: node
  linkType: hard

"detect-indent@npm:~6.0.0":
  version: 6.0.0
  resolution: "detect-indent@npm:6.0.0"
  checksum: ad0619414151942d278c06cd4b6b79feb96c16eebf4979ef1d03433941f1a85c9bba7daba73a73814d629923716169da5416bbc4290c232d53a2dc06f462da5f
  languageName: node
  linkType: hard

"docopt@npm:~0.6.2":
  version: 0.6.2
  resolution: "docopt@npm:0.6.2"
  checksum: 956f40c184511e9691deafc5e205d0261f3d90def7f6a0c9caa189020ee968da2c05af4083851f38e7ea6ffbccef2f77d4e3a5ad7a3c9c1a23f85bc3b83368bb
  languageName: node
  linkType: hard

"dom-serializer@npm:^1.0.1, dom-serializer@npm:~1.2.0":
  version: 1.2.0
  resolution: "dom-serializer@npm:1.2.0"
  dependencies:
    domelementtype: ^2.0.1
    domhandler: ^4.0.0
    entities: ^2.0.0
  checksum: 77e3bff86555c853af8a5f87f7433bdaf47fd377ed201b74c465c08445daf3832380acfe25276e6806ffad87ea42e57d4fb992021aef83c5dfae2d352b90860b
  languageName: node
  linkType: hard

"domelementtype@npm:^2.0.1, domelementtype@npm:^2.1.0":
  version: 2.1.0
  resolution: "domelementtype@npm:2.1.0"
  checksum: c3e63b6c94bf74d6375e12370f612d1cd61c0d3bc21b46684d93c797b3924de2e84278b0b5cdf3dce21f64ee94c34a005994f373c0e420759ae1856f075f0f57
  languageName: node
  linkType: hard

"domhandler@npm:^4.0.0":
  version: 4.0.0
  resolution: "domhandler@npm:4.0.0"
  dependencies:
    domelementtype: ^2.1.0
  checksum: 22cc8e1335728a7c49434d1d12ff1563aea758c26c8ebf50fcf9e28ceb2bd0e5a15518d69abdb5db37aa7c0c347c8f68d323d12fc744a68853fb7641cbdcec89
  languageName: node
  linkType: hard

"domutils@npm:^2.4.3, domutils@npm:^2.4.4":
  version: 2.4.4
  resolution: "domutils@npm:2.4.4"
  dependencies:
    dom-serializer: ^1.0.1
    domelementtype: ^2.0.1
    domhandler: ^4.0.0
  checksum: abee29c1aade78506fb9ccb7bd7a2720fb18a87f230a7f7f2e3438458c27dee03b8abad4f3e448ed39da86d2a573e8bc7323d8dd0f2a473f26a455c017e303ce
  languageName: node
  linkType: hard

"dot-json@npm:^1.2.2":
  version: 1.2.2
  resolution: "dot-json@npm:1.2.2"
  dependencies:
    detect-indent: ~6.0.0
    docopt: ~0.6.2
    underscore-keypath: ~0.0.22
  bin:
    dot-json: bin/dot-json.js
  checksum: 3113cbf01a69b1f23e66937ed5a3b4d3f4a57ada893aea40bfdb45e245596734d57abbbfa01a352cf9cae586da2d62a1503e14f597da66df26c6adc74c30538f
  languageName: node
  linkType: hard

"ecc-jsbn@npm:~0.1.1":
  version: 0.1.2
  resolution: "ecc-jsbn@npm:0.1.2"
  dependencies:
    jsbn: ~0.1.0
    safer-buffer: ^2.1.0
  checksum: 5b4dd05f24b2b94c1bb882488dba2b878bb5b83182669aa71fbdf53c6941618180cb226c4eb9a3e2fa51ad11f87b5edb0a7d7289cdef468ba2e6024542f73f07
  languageName: node
  linkType: hard

"end-of-stream@npm:^1.1.0":
  version: 1.4.4
  resolution: "end-of-stream@npm:1.4.4"
  dependencies:
    once: ^1.4.0
  checksum: 7da60e458bdb5e16c006a45e85ef3bc1e3791db5ba275b0913258ccddc8899acb9252c4ddbcce87bd1b46e2a3f97315aafb9f0c0330e8aac44defb504a9d3ccd
  languageName: node
  linkType: hard

"ent@npm:^2.2.0":
  version: 2.2.0
  resolution: "ent@npm:2.2.0"
  checksum: b9d26d321beed2e8363b4f530ae2d7ddf3aab98be30b6b471f6a4a688029970d69c5da2d81fe3dc6536738b328cea2481709467ef09d9a3ec4befbd122b8f3f6
  languageName: node
  linkType: hard

"entities@npm:^2.0.0":
  version: 2.2.0
  resolution: "entities@npm:2.2.0"
  checksum: ebd62621a15a13f4e914322cf8b1d4aeb224fa5365910d8899615835dada8b1349dea77bbcd4db2eea100845de313c46303accafece669d929d64ebcc90f4517
  languageName: node
  linkType: hard

"entities@npm:~2.1.0":
  version: 2.1.0
  resolution: "entities@npm:2.1.0"
  checksum: 91d5330633b97df881bcd02e233d32067876d45abdc7c75cf058ded524d8b22f8dc7a3965813d6982ceeba918abdbd9029a0459759ee5f6f98ec953a4786612f
  languageName: node
  linkType: hard

"esprima@npm:^4.0.0":
  version: 4.0.1
  resolution: "esprima@npm:4.0.1"
  bin:
    esparse: ./bin/esparse.js
    esvalidate: ./bin/esvalidate.js
  checksum: 5df45a3d9c95c36800d028ba76d8d4e04e199932b58c2939f462f859fd583e7d39b4a12d3f97986cf272a28a5fe5948ee6e49e36ef63f67b5b48d82a635c5081
  languageName: node
  linkType: hard

"extend-shallow@npm:^2.0.1":
  version: 2.0.1
  resolution: "extend-shallow@npm:2.0.1"
  dependencies:
    is-extendable: ^0.1.0
  checksum: 03dbbba8b9711409442428f4e0f80a92f86862a4d2559fa9629dd7080e85cacc6311c84ebea8b22b5ff40d3ef6475bbf534f098b77b7624448276708e60fa248
  languageName: node
  linkType: hard

"extend@npm:~3.0.2":
  version: 3.0.2
  resolution: "extend@npm:3.0.2"
  checksum: 1406da1f0c4b00b839497e4cdd0ec4303ce2ae349144b7c28064a5073c93ce8c08da4e8fb1bc5cb459ffcdff30a35fc0fe54344eb88320e70100c1baea6f195c
  languageName: node
  linkType: hard

"extsprintf@npm:1.3.0":
  version: 1.3.0
  resolution: "extsprintf@npm:1.3.0"
  checksum: 892efd56aa9b27cbfbca42ad0c59308633f66000e71d1fb19c6989ea7309b32f3ff281778871bd2ce9bc7f3ad02515aa2783cea0323d0f6ff840b7c6a6a4603e
  languageName: node
  linkType: hard

"extsprintf@npm:^1.2.0":
  version: 1.4.0
  resolution: "extsprintf@npm:1.4.0"
  checksum: 092e011574324c5cddd78b5a27f869c2703613c1140eb7763aef8f5b0e33769a9b4c7dbcc50acd39b6afebe79bf66adcec73bf3c84e095c5bcfb42306d128ad0
  languageName: node
  linkType: hard

"fast-deep-equal@npm:^3.1.1":
  version: 3.1.3
  resolution: "fast-deep-equal@npm:3.1.3"
  checksum: 451526766b219503131d11e823eaadd1533080b0be4860e316670b039dcaf31cd1007c2fe036a9b922abba7c040dfad5e942ed79d21f2ff849e50049f36e0fb7
  languageName: node
  linkType: hard

"fast-json-stable-stringify@npm:^2.0.0":
  version: 2.1.0
  resolution: "fast-json-stable-stringify@npm:2.1.0"
  checksum: 7df3fabfe445d65953b2d9d9d3958bd895438b215a40fb87dae8b2165c5169a897785eb5d51e6cf0eb03523af756e3d82ea01083f6ac6341fe16db532fee3016
  languageName: node
  linkType: hard

"fast-levenshtein@npm:^2.0.6":
  version: 2.0.6
  resolution: "fast-levenshtein@npm:2.0.6"
  checksum: a2d03af3088b0397633e007fb3010ecfa4f91cae2116d2385653c59396a1b31467641afa672a79e6f82218518670dc144128378124e711e35dbf90bc82846f22
  languageName: node
  linkType: hard

"fast-xml-parser@npm:^3.18.0":
  version: 3.18.0
  resolution: "fast-xml-parser@npm:3.18.0"
  bin:
    xml2js: cli.js
  checksum: 2da80052dcdb34efd08a9b5a18593a008001f7c43bc8bde7a6496992103ed23ff3a1ce5a617daace6cc708f55e8fa96597fdb8e66f49d1dc121b73892093dca1
  languageName: node
  linkType: hard

"file-is-binary@npm:^1.0.0":
  version: 1.0.0
  resolution: "file-is-binary@npm:1.0.0"
  dependencies:
    is-binary-buffer: ^1.0.0
    isobject: ^3.0.0
  checksum: 19598f8f044969d1c6341d4ae8cbc6a80a26d66b3c3dea50772099e6444899b5cba6f43d5ea1ec3fc964c57d6f7a48991d6ef0da0542f7065303d9014db72c9f
  languageName: node
  linkType: hard

"for-in@npm:^1.0.2":
  version: 1.0.2
  resolution: "for-in@npm:1.0.2"
  checksum: e8d7280a654216e9951103e407d1655c2dfa67178ad468cb0b35701df6b594809ccdc66671b3478660d0e6c4bca9d038b1f1fc032716a184c19d67319550c554
  languageName: node
  linkType: hard

"forever-agent@npm:~0.6.1":
  version: 0.6.1
  resolution: "forever-agent@npm:0.6.1"
  checksum: 9cc0054dd4ea5fc26e014b8c929d1fb9247e931e81165cbd965a712061d65fb84791b2124f64cd79492e516662b94068d29fe1d824732382237321b3f61955fe
  languageName: node
  linkType: hard

"form-data@npm:~2.3.2":
  version: 2.3.3
  resolution: "form-data@npm:2.3.3"
  dependencies:
    asynckit: ^0.4.0
    combined-stream: ^1.0.6
    mime-types: ^2.1.12
  checksum: 862e686b105634222db77138d5f5ae08ba85f88c04925de5be86b2b9d03cf671d86566ad10f1dd5217634c0f1634069dfc1a663a1cc13e8fbac0ce8f670ad070
  languageName: node
  linkType: hard

"get-stream@npm:^5.1.0":
  version: 5.2.0
  resolution: "get-stream@npm:5.2.0"
  dependencies:
    pump: ^3.0.0
  checksum: c71c5625f4573a33823371da253b4183df6bdb28cb678d03bab9b5f91626d92d6f3f5ae2404c5efdc1248fbb82204e4dae4283c7ff3cc14e505754f9f748f217
  languageName: node
  linkType: hard

"getpass@npm:^0.1.1":
  version: 0.1.7
  resolution: "getpass@npm:0.1.7"
  dependencies:
    assert-plus: ^1.0.0
  checksum: 2650725bc6939616da8432e5351ca87d8b29421bb8dc19c21bad2c37cd337d2a50d36fcc398ce0c16a075f6079afe114131780dca7e2f4b96063e53e7d28fd7a
  languageName: node
  linkType: hard

"got@npm:^11.8.2":
  version: 11.8.2
  resolution: "got@npm:11.8.2"
  dependencies:
    "@sindresorhus/is": ^4.0.0
    "@szmarczak/http-timer": ^4.0.5
    "@types/cacheable-request": ^6.0.1
    "@types/responselike": ^1.0.0
    cacheable-lookup: ^5.0.3
    cacheable-request: ^7.0.1
    decompress-response: ^6.0.0
    http2-wrapper: ^1.0.0-beta.5.2
    lowercase-keys: ^2.0.0
    p-cancelable: ^2.0.0
    responselike: ^2.0.0
  checksum: 6415f98ec249e932ca8223396e58ec18017ade64e21efc40db62f994f3551eaf7eca945671d40b2486f0650b1f17b5a2a0f11655ea501712566ef60be010f07f
  languageName: node
  linkType: hard

"gray-matter@npm:^3.0.2":
  version: 3.1.1
  resolution: "gray-matter@npm:3.1.1"
  dependencies:
    extend-shallow: ^2.0.1
    js-yaml: ^3.10.0
    kind-of: ^5.0.2
    strip-bom-string: ^1.0.0
  checksum: 7365b90270832316a61245f63024d9a7cb3a366f003a4dff49da70e75dd0721117207b8dac66c25bea8df0c1ce1021610db79cecbb08b3abf9fe3dedc81f45cf
  languageName: node
  linkType: hard

"har-schema@npm:^2.0.0":
  version: 2.0.0
  resolution: "har-schema@npm:2.0.0"
  checksum: e27ac33a968b8a3b2cc32e53afaec8aa795d08b058ef9b09b3bbce74db7ecadcabf60a6186e3bb901335d2c72bbf9e2af59429d736b5e80dc0edf18b3e1c5860
  languageName: node
  linkType: hard

"har-validator@npm:~5.1.3":
  version: 5.1.5
  resolution: "har-validator@npm:5.1.5"
  dependencies:
    ajv: ^6.12.3
    har-schema: ^2.0.0
  checksum: 01b905cdaa7632c926a962c8127a77b98387935ef3aa0b44dae871eae2592ba6da948a3bdbb3eeceb90fa1599300f16716e50147965a7ea7c4e7c4e57ac69727
  languageName: node
  linkType: hard

"howlongtobeat@npm:^1.3.1":
  version: 1.3.1
  resolution: "howlongtobeat@npm:1.3.1"
  dependencies:
    cheerio: ^1.0.0-rc.2
    fast-levenshtein: ^2.0.6
    request: ^2.88.0
    user-agents: ^1.0.580
  checksum: ecd29eb8a45d44a508f803c94c0074b32473dbdc8bd36efebf608214d57df507dedad9a30967835d60dc359b83e7435697a3649e2c787610790e820d10cf3310
  languageName: node
  linkType: hard

"htmlparser2@npm:^6.0.0":
  version: 6.0.0
  resolution: "htmlparser2@npm:6.0.0"
  dependencies:
    domelementtype: ^2.0.1
    domhandler: ^4.0.0
    domutils: ^2.4.4
    entities: ^2.0.0
  checksum: 03819682d894316d1f8d1a11c9212bdf9c8b2e7a2adc0e19262ac8105d0a4d0577caa1f40bf52ac4876961720342e9f12b86dbf2488f0a8263cf278c03129833
  languageName: node
  linkType: hard

"http-cache-semantics@npm:^4.0.0":
  version: 4.1.0
  resolution: "http-cache-semantics@npm:4.1.0"
  checksum: 451df9784af2acbe0cc1fd70291285c08ca4a8966ab5ee4d3975e003d1ad4d74c81473086d628f31296b31221966fda8bc5ea1e29dd8f1f33f9fc2b0fdca65ca
  languageName: node
  linkType: hard

"http-signature@npm:~1.2.0":
  version: 1.2.0
  resolution: "http-signature@npm:1.2.0"
  dependencies:
    assert-plus: ^1.0.0
    jsprim: ^1.2.2
    sshpk: ^1.7.0
  checksum: d28227eed37cb0dae0e76c46b2a5e611c678808433e5642238f17dba7f2c9c8f8d1646122d57ec1a110ecc7e8b9f5b7aa0462f1e2a5fa3b41f2fca5a69af7edf
  languageName: node
  linkType: hard

"http2-wrapper@npm:^1.0.0-beta.5.2":
  version: 1.0.3
  resolution: "http2-wrapper@npm:1.0.3"
  dependencies:
    quick-lru: ^5.1.1
    resolve-alpn: ^1.0.0
  checksum: 2fc0140a69558cf1352372ed6cdf94eb6d108b2755ca087a5626044667033ca9fd6d0e5e04db3c3d2129aadff99b9b07b5bcf3952f5b7138926cb7a1d3128c6e
  languageName: node
  linkType: hard

"is-binary-buffer@npm:^1.0.0":
  version: 1.0.0
  resolution: "is-binary-buffer@npm:1.0.0"
  dependencies:
    is-buffer: ^1.1.5
  checksum: b82ed13d281aabb36d98b1f936a0be15f3407ab6d095ae3014be10fb31ef2d22c85a2846849ba285d8332a616c3b0ed06d7a61a2fe03e771975896963d653b0e
  languageName: node
  linkType: hard

"is-buffer@npm:^1.1.5":
  version: 1.1.6
  resolution: "is-buffer@npm:1.1.6"
  checksum: 336ec78f00e88efe6ff6f1aa08d06aadb942a6cd320e5f538ac00648378fb964743b3737c88ce7ce8741c067e4a3b78f596b83ee1a3c72dc2885ea0b03dc84f2
  languageName: node
  linkType: hard

"is-extendable@npm:^0.1.0":
  version: 0.1.1
  resolution: "is-extendable@npm:0.1.1"
  checksum: 9d051e68c38b09c242564b62d98cdcc0ba5b20421340c95d5ae023955dcaf31ae1d614e1eb7a18a6358d4c47ea77d811623e1777a0589df9ac5928c370edd5e5
  languageName: node
  linkType: hard

"is-extendable@npm:^1.0.1":
  version: 1.0.1
  resolution: "is-extendable@npm:1.0.1"
  dependencies:
    is-plain-object: ^2.0.4
  checksum: 2bf711afe60cc99f46699015c444db8f06c9c5553dd2b26fd8cb663fcec4bf00df1c11d02e28a8cc97b8efb49315c3c3fcf6ce1ceb09341af8e4fcccde516dd7
  languageName: node
  linkType: hard

"is-plain-object@npm:^2.0.4":
  version: 2.0.4
  resolution: "is-plain-object@npm:2.0.4"
  dependencies:
    isobject: ^3.0.1
  checksum: 2f3232267366f3cdf13d53deda1b282ba7959f28ccb2ee8e0ca168f859f0d7126c27c846ebb7c2b9821a09bbda2e1835fd4020337ba666cf3c03dc256aab7ba1
  languageName: node
  linkType: hard

"is-typedarray@npm:~1.0.0":
  version: 1.0.0
  resolution: "is-typedarray@npm:1.0.0"
  checksum: 4e21156e7360a5916eded35c5938adf6278299a8055640864eebb251e4351cd605beccddf9af27477e19f753d453412fe0c21379bb54b55cfdf5add263076959
  languageName: node
  linkType: hard

"is-whitespace@npm:^0.3.0":
  version: 0.3.0
  resolution: "is-whitespace@npm:0.3.0"
  checksum: defe0fe74842763d219065a677ff22aaef5a2dd48affac18d0a8cb2cb82030712badaed08a85f2a22406e245d9a625396117bb36d84a71f7b4cb1dbc62306793
  languageName: node
  linkType: hard

"isobject@npm:^3.0.0, isobject@npm:^3.0.1":
  version: 3.0.1
  resolution: "isobject@npm:3.0.1"
  checksum: b537a9ccdd8d40ec552fe7ff5db3731f1deb77581adf9beb8ae812f8d08acfa0e74b193159ac50fb01084d7ade06d114077f984e21b8340531241bf85be9a0ab
  languageName: node
  linkType: hard

"isstream@npm:~0.1.2":
  version: 0.1.2
  resolution: "isstream@npm:0.1.2"
  checksum: 8e6e5c4cf1823562db7035d2e7bac388412060fe9bc6727eca8c608def5aa57709165c51c2e68a2fce6ff0b64d79489501b84715060c5e8a477b87b6cbcd1eca
  languageName: node
  linkType: hard

"jam-my-stack@npm:^1.0.4":
  version: 1.0.4
  resolution: "jam-my-stack@npm:1.0.4"
  dependencies:
    ent: ^2.2.0
    fast-xml-parser: ^3.18.0
    got: ^11.8.2
    howlongtobeat: ^1.3.1
    lunr: ^2.3.9
    moment: ^2.29.1
    parser-front-matter: ^1.6.4
  checksum: 9962c87f145ff83aa85b11e9b0072c0f6541049039783bd4e3a363e86083430e25a6acf027a61579a05375db10beafd2f1cb27eef47bbaa4d7b504b24dd5901f
  languageName: node
  linkType: hard

"jefklakscodex@workspace:.":
  version: 0.0.0-use.local
  resolution: "jefklakscodex@workspace:."
  dependencies:
    jam-my-stack: ^1.0.4
  languageName: unknown
  linkType: soft

"js-yaml@npm:^3.10.0":
  version: 3.14.1
  resolution: "js-yaml@npm:3.14.1"
  dependencies:
    argparse: ^1.0.7
    esprima: ^4.0.0
  bin:
    js-yaml: bin/js-yaml.js
  checksum: 46b61f889796a20d16b0b64580a01b6a02b2e45c1a2744906346da54d07e14cde764e887ab6d1512d8b2541c63711bd4b75859c28eb99605baf59fa173fc38c2
  languageName: node
  linkType: hard

"jsbn@npm:~0.1.0":
  version: 0.1.1
  resolution: "jsbn@npm:0.1.1"
  checksum: b530d48a64e6aff9523407856a54c5b9beee30f34a410612057f4fa097d90072fc8403c49604dacf0c3e7620dca43c2b7f0de3f954af611e43716a254c46f6f5
  languageName: node
  linkType: hard

"json-buffer@npm:3.0.1":
  version: 3.0.1
  resolution: "json-buffer@npm:3.0.1"
  checksum: 78011309cb53c19195702ece9e282c8c58d7facd8d6e286857fd4daf511f0bd93424498898d0b9ecfde6ab8e87a2ab0c0a654fba4b1a4ec81fa51f2c48a5ddba
  languageName: node
  linkType: hard

"json-schema-traverse@npm:^0.4.1":
  version: 0.4.1
  resolution: "json-schema-traverse@npm:0.4.1"
  checksum: 6f71bddba38aa043cf9c05ff9cf37158a6657909f1dd37032ba164b76923da47a17bb4592ee4f7f9c029dfaf26965b821ac214c1f991bb3bd038c9cfea2da50b
  languageName: node
  linkType: hard

"json-schema@npm:0.2.3":
  version: 0.2.3
  resolution: "json-schema@npm:0.2.3"
  checksum: d382ea841f0af5cf6ae3b63043c6ddbd144086de52342b5dd32d8966872dce1e0ed280f6b27c5fba97e50cf8640f27b593e039cb95df365718ada03ef0feb9f2
  languageName: node
  linkType: hard

"json-stringify-safe@npm:~5.0.1":
  version: 5.0.1
  resolution: "json-stringify-safe@npm:5.0.1"
  checksum: 261dfb8eb3e72c8b0dda11fd7c20c151ffc1d1b03e529245d51708c8dd8d8c6a225880464adf41a570dff6e5c805fd9d1f47fed948cfb526e4fbe5a67ce4e5f4
  languageName: node
  linkType: hard

"jsprim@npm:^1.2.2":
  version: 1.4.1
  resolution: "jsprim@npm:1.4.1"
  dependencies:
    assert-plus: 1.0.0
    extsprintf: 1.3.0
    json-schema: 0.2.3
    verror: 1.10.0
  checksum: ee0177b7ef39e6becf18c586d31fabe15d62be88e7867d3aff86466e4a3de9a2cd47b6e597417aebc1cd3c2d43bc662e79ab5eecdadf3ce0643e909432ed6d2c
  languageName: node
  linkType: hard

"keyv@npm:^4.0.0":
  version: 4.0.3
  resolution: "keyv@npm:4.0.3"
  dependencies:
    json-buffer: 3.0.1
  checksum: 63527e3d010dd9b8f8e62435130cdb1518de7b7d0ebafcff1359611caa0e79c7f80f1863ff73e712d99ce69fa06be62b66a78fb5cfee6483f2f95eeac340f12b
  languageName: node
  linkType: hard

"kind-of@npm:^3.0.2":
  version: 3.2.2
  resolution: "kind-of@npm:3.2.2"
  dependencies:
    is-buffer: ^1.1.5
  checksum: e8a1835c4baa9b52666cd5d8ae89e6b9b9f5978600a30ba75fc92da332d1ba182bda90aa7372fc992a3eb6da261dc3fea0f136af24ddc87cfb668d40c817af56
  languageName: node
  linkType: hard

"kind-of@npm:^5.0.2":
  version: 5.1.0
  resolution: "kind-of@npm:5.1.0"
  checksum: c98cfe70c805a7a3a10ec4399fac2884fb4b277494baffea0712a5e8de49a0bbdc36d9cfedf7879f47567fa4d7f4d92fd5b69582bc8666100b3560e03bd88844
  languageName: node
  linkType: hard

"lazy-cache@npm:^2.0.2":
  version: 2.0.2
  resolution: "lazy-cache@npm:2.0.2"
  dependencies:
    set-getter: ^0.1.0
  checksum: 27bc7d08d4beb6cdb5ec63b13b0966743ec244fe6fa03860ae1b8b555b4bc88285b261ad2d3e14ac3288cb181dbea583ee22d0a4cea1eb9b899fe973f7339142
  languageName: node
  linkType: hard

"lodash.clonedeep@npm:^4.5.0":
  version: 4.5.0
  resolution: "lodash.clonedeep@npm:4.5.0"
  checksum: 41e2fe4c57c56a66a4775a6ddeebe9272f0ce4d257d97b3cb8724a9b01eeec9b09ce7e8603d6926baf5f48c287d988f0de4bf5aa244ea86b1f22c1e6f203cc27
  languageName: node
  linkType: hard

"lowercase-keys@npm:^2.0.0":
  version: 2.0.0
  resolution: "lowercase-keys@npm:2.0.0"
  checksum: 4da67f41865a25360bb05749a66a83c60987c7efa0b8ec443941a19978c21ba916ae9fedca25b96fc652026c4264a437d3fec099d1949716b5483eec42395ec9
  languageName: node
  linkType: hard

"lunr@npm:^2.3.9":
  version: 2.3.9
  resolution: "lunr@npm:2.3.9"
  checksum: a2b66320c2f6632322b91c43621eed9e623c0f1b81e7c2d74c238884a02229698baa4478bd238e9b32d7abf0db5ae9233b311c28e1edbcc481774e1ce83bec6f
  languageName: node
  linkType: hard

"mime-db@npm:1.46.0":
  version: 1.46.0
  resolution: "mime-db@npm:1.46.0"
  checksum: 4e137ac502ca5ba6c583e552c5fa6abd0c2157592f647824ba7246b771eb42c65c2a1816fc52b27afdbb88a026127f1d5fba354f9dcde591b3b464be07c3d27e
  languageName: node
  linkType: hard

"mime-types@npm:^2.1.12, mime-types@npm:~2.1.19":
  version: 2.1.29
  resolution: "mime-types@npm:2.1.29"
  dependencies:
    mime-db: 1.46.0
  checksum: 744d72b2a24c64d2aacc1ead86bfc827c2c4f1bb6f3b4bf6d8684b82f5ddd0b75a5c0eff128a888c09080f9ad7979400b64a697889690fca3c42de80c8f5e187
  languageName: node
  linkType: hard

"mimic-response@npm:^1.0.0":
  version: 1.0.1
  resolution: "mimic-response@npm:1.0.1"
  checksum: 64b43c717ed8710bc920576e96d38d0e504e9eec3114af8e00c9e3d7ae53cd459ee38febb0badc83e3a4e6d21cd571db43e9011f8cf014809989c87a1a9f0ea4
  languageName: node
  linkType: hard

"mimic-response@npm:^3.1.0":
  version: 3.1.0
  resolution: "mimic-response@npm:3.1.0"
  checksum: cfbf19f66de6ad46df7481d9e8c1a7f30b6fa77dd771ad4a72a0443265041a39768182bde6d1de39001c2774168635bc74f42902e401c8ba33db55d69b773004
  languageName: node
  linkType: hard

"mixin-deep@npm:^1.2.0":
  version: 1.3.2
  resolution: "mixin-deep@npm:1.3.2"
  dependencies:
    for-in: ^1.0.2
    is-extendable: ^1.0.1
  checksum: 68da98bc1af57ffccde7abdc86ac49feec263b73b3c483ab7e6e2fab9aa2b06fba075da9e86bcda725133c1d2a59e4c810a17b55865c67c827871c25d5713c33
  languageName: node
  linkType: hard

"moment@npm:^2.29.1":
  version: 2.29.1
  resolution: "moment@npm:2.29.1"
  checksum: 86729013febf7160de5b93da69273dd304d674b0224f9544b3abd09a87671ddd2cdd57598261ce57588910d63747ffd5590965e83c790d8bf327083c0e0a06e0
  languageName: node
  linkType: hard

"normalize-url@npm:^4.1.0":
  version: 4.5.0
  resolution: "normalize-url@npm:4.5.0"
  checksum: 09794941dbe5c7b91caf6f3cd1ae167c27f6d09793e4a03601a68b62de7e8ee9e5de21a246130cdbab98b01481de292f9556d492444a527648f9cf1220e4b0df
  languageName: node
  linkType: hard

"nth-check@npm:^2.0.0":
  version: 2.0.0
  resolution: "nth-check@npm:2.0.0"
  dependencies:
    boolbase: ^1.0.0
  checksum: 380a6dcf32910c783f30c62d6ae02194e8ac860faf99ff46b2248942477304351755a7ee2fa26ce289b6d078350fa14703da5cf4b3c65275032b43008a275064
  languageName: node
  linkType: hard

"oauth-sign@npm:~0.9.0":
  version: 0.9.0
  resolution: "oauth-sign@npm:0.9.0"
  checksum: af1ab60297c3a687d1d2de5c43c6453c4df6939de3e6114ada4a486ac51fa7ab1769f33000b94c0e8ffced5ae4c57c4f5d36b517792d83e9e9742578a728682e
  languageName: node
  linkType: hard

"once@npm:^1.3.1, once@npm:^1.4.0":
  version: 1.4.0
  resolution: "once@npm:1.4.0"
  dependencies:
    wrappy: 1
  checksum: 57afc246536cf6494437f982b26475f22bee860f8b77ce8eb1543f42a8bffe04b2c66ddfea9a16cb25ccb80943f8ee4fc639367ef97b7a6a4f2672eb573963f5
  languageName: node
  linkType: hard

"p-cancelable@npm:^2.0.0":
  version: 2.0.0
  resolution: "p-cancelable@npm:2.0.0"
  checksum: 966065f056a116a1ca3b6c7064d4d27a65bc1740c25cc60729faa5deea385bbd0f2317aedabb8e64c0cfc3c6b2dafe7f3ea65c267373d6d9be1602af443b4f12
  languageName: node
  linkType: hard

"parse5-htmlparser2-tree-adapter@npm:^6.0.0":
  version: 6.0.1
  resolution: "parse5-htmlparser2-tree-adapter@npm:6.0.1"
  dependencies:
    parse5: ^6.0.1
  checksum: d7389a60fd1930cbbde40456a5f990468d13f4b7a5550db01adde4d61e97245e90c32de2575b531408fe7a2781111f96b1c955ff23bf2f61218db712434be3e0
  languageName: node
  linkType: hard

"parse5@npm:^6.0.0, parse5@npm:^6.0.1":
  version: 6.0.1
  resolution: "parse5@npm:6.0.1"
  checksum: e312014edd76a6dc2eac35248ad53477b2594a7b92b7a00f66169483bb87c3d1d36660daddeb720457418dfe0893eb3ad1043085047fc3699167afa6834cb4c4
  languageName: node
  linkType: hard

"parser-front-matter@npm:^1.6.4":
  version: 1.6.4
  resolution: "parser-front-matter@npm:1.6.4"
  dependencies:
    extend-shallow: ^2.0.1
    file-is-binary: ^1.0.0
    gray-matter: ^3.0.2
    isobject: ^3.0.1
    lazy-cache: ^2.0.2
    mixin-deep: ^1.2.0
    trim-leading-lines: ^0.1.1
  checksum: 302ccd2fdcd01c23f81e9c0ea124ed5495760c5f4df82f54be465f795bc6b79f2e3aca8a501f1bae6726d5d2c60519dd5f4beda7e54b81eb038b8c6a911511ff
  languageName: node
  linkType: hard

"performance-now@npm:^2.1.0":
  version: 2.1.0
  resolution: "performance-now@npm:2.1.0"
  checksum: bb4ebed0b03d6c3ad3ae4eddd1182c895d385cff9096af441c19c130aaae3ea70229438ebc3297dfc52c86022f6becf177a810050823d01bf5280779cd2de624
  languageName: node
  linkType: hard

"psl@npm:^1.1.28":
  version: 1.8.0
  resolution: "psl@npm:1.8.0"
  checksum: 92d47c6257456878bfa8190d76b84de69bcefdc129eeee3f9fe204c15fd08d35fe5b8627033f39b455e40a9375a1474b25ff4ab2c5448dd8c8f75da692d0f5b4
  languageName: node
  linkType: hard

"pump@npm:^3.0.0":
  version: 3.0.0
  resolution: "pump@npm:3.0.0"
  dependencies:
    end-of-stream: ^1.1.0
    once: ^1.3.1
  checksum: 5464d5cf6c6f083cc60cb45b074fb9a4a92ba4d3e0d89e9b2fa1906d8151fd3766784a426725ccf1af50d1c29963ac20b13829933549830e08a6704e3f95e08c
  languageName: node
  linkType: hard

"punycode@npm:^2.1.0, punycode@npm:^2.1.1":
  version: 2.1.1
  resolution: "punycode@npm:2.1.1"
  checksum: 0202dc191cb35bfd88870ac99a1e824b03486d4cee20b543ef337a6dee8d8b11017da32a3e4c40b69b19976e982c030b62bd72bba42884acb691bc5ef91354c8
  languageName: node
  linkType: hard

"qs@npm:~6.5.2":
  version: 6.5.2
  resolution: "qs@npm:6.5.2"
  checksum: fa0410eff2c05ce3328e11f82db4015e7819c986ee056d6b62b06ae112f4929af09ea3b879ca168ff9f0338f50972bba487ad0e46c879e42bfaf63c3c2ea7f09
  languageName: node
  linkType: hard

"quick-lru@npm:^5.1.1":
  version: 5.1.1
  resolution: "quick-lru@npm:5.1.1"
  checksum: fafb2b2fa1a948d6f2e88d4a60571be70b316d9b0be857d24fba0ac28fc31acebf535b643fe968473d689f8c655bcb2a0e4da67912f571059a4e4eb15740b021
  languageName: node
  linkType: hard

"request@npm:^2.88.0":
  version: 2.88.2
  resolution: "request@npm:2.88.2"
  dependencies:
    aws-sign2: ~0.7.0
    aws4: ^1.8.0
    caseless: ~0.12.0
    combined-stream: ~1.0.6
    extend: ~3.0.2
    forever-agent: ~0.6.1
    form-data: ~2.3.2
    har-validator: ~5.1.3
    http-signature: ~1.2.0
    is-typedarray: ~1.0.0
    isstream: ~0.1.2
    json-stringify-safe: ~5.0.1
    mime-types: ~2.1.19
    oauth-sign: ~0.9.0
    performance-now: ^2.1.0
    qs: ~6.5.2
    safe-buffer: ^5.1.2
    tough-cookie: ~2.5.0
    tunnel-agent: ^0.6.0
    uuid: ^3.3.2
  checksum: 7a74841f3024cac21d8c3cca7f7f2e4243fbd62464d2f291fddb94008a9d010e20c4a1488f4224b03412a4438a699db2a3de11019e486c8e656f86b0b79bf022
  languageName: node
  linkType: hard

"resolve-alpn@npm:^1.0.0":
  version: 1.0.0
  resolution: "resolve-alpn@npm:1.0.0"
  checksum: 17baee01c03a57cebd163aa5c9bd94f33646378bce8aa94c7a8d29fc0e1bf0807532bda3c36bb929511606633921d0f4a69e7fcc894cf02ad1c742e649b71673
  languageName: node
  linkType: hard

"responselike@npm:^2.0.0":
  version: 2.0.0
  resolution: "responselike@npm:2.0.0"
  dependencies:
    lowercase-keys: ^2.0.0
  checksum: 11d8225dd8bbbd2ab7482c2e54ff2618e346c7d785e66d2ff5da03d6eafa8b33c3a4c6d685324dccf06f36ee2695db9bd2579382548c2a7253d770204694a63d
  languageName: node
  linkType: hard

"safe-buffer@npm:^5.0.1, safe-buffer@npm:^5.1.2":
  version: 5.2.1
  resolution: "safe-buffer@npm:5.2.1"
  checksum: 0bb57f0d8f9d1fa4fe35ad8a2db1f83a027d48f2822d59ede88fd5cd4ddad83c0b497213feb7a70fbf90597a70c5217f735b0eb1850df40ce9b4ae81dd22b3f9
  languageName: node
  linkType: hard

"safer-buffer@npm:^2.0.2, safer-buffer@npm:^2.1.0, safer-buffer@npm:~2.1.0":
  version: 2.1.2
  resolution: "safer-buffer@npm:2.1.2"
  checksum: 549ba83f5b314b59898efe3422120ce1ca7987a6eae5925a5fa5db930dc414d4a9dde0a5594f89638cd6ea60b6840ea961872908933ac2428d1726489db46fa5
  languageName: node
  linkType: hard

"set-getter@npm:^0.1.0":
  version: 0.1.0
  resolution: "set-getter@npm:0.1.0"
  dependencies:
    to-object-path: ^0.3.0
  checksum: 931cedb99dec57389729296f193696b10453252b7e2e4b3d726f4091dbcc7db22165cc0721ce125212f7b72167d82ad126d1a85201cd738468cf7ce8af459737
  languageName: node
  linkType: hard

"sprintf-js@npm:~1.0.2":
  version: 1.0.3
  resolution: "sprintf-js@npm:1.0.3"
  checksum: 51df1bce9e577287f56822d79ac5bd94f6c634fccf193895f2a1d2db2e975b6aa7bc97afae9cf11d49b7c37fe4afc188ff5c4878be91f2c86eabd11c5df8b62c
  languageName: node
  linkType: hard

"sshpk@npm:^1.7.0":
  version: 1.16.1
  resolution: "sshpk@npm:1.16.1"
  dependencies:
    asn1: ~0.2.3
    assert-plus: ^1.0.0
    bcrypt-pbkdf: ^1.0.0
    dashdash: ^1.12.0
    ecc-jsbn: ~0.1.1
    getpass: ^0.1.1
    jsbn: ~0.1.0
    safer-buffer: ^2.0.2
    tweetnacl: ~0.14.0
  bin:
    sshpk-conv: bin/sshpk-conv
    sshpk-sign: bin/sshpk-sign
    sshpk-verify: bin/sshpk-verify
  checksum: 4bd7422634ec3730404186179e5d9ba913accc64449f18d594b3a757a3b81000719adc94cf0c93a7b3da42487ae42404a1f37bfaa7908a60743d4478382b9d78
  languageName: node
  linkType: hard

"strip-bom-string@npm:^1.0.0":
  version: 1.0.0
  resolution: "strip-bom-string@npm:1.0.0"
  checksum: 63cf934fcf06551b5529af0cd20638568754b25fc1365356da028081c61ef6619388596800976f93c1d32731c8068cea6103eda025dedb6e68b5d0818103df2b
  languageName: node
  linkType: hard

"to-object-path@npm:^0.3.0":
  version: 0.3.0
  resolution: "to-object-path@npm:0.3.0"
  dependencies:
    kind-of: ^3.0.2
  checksum: a6a5a502259af744ac4e86752c8e71395c4106cae6f4e2a5c711e6f5de4cdbd08691e9295bf5b6e86b3e12722274fc3c5c0410f5fcf42ca783cc43f62139b5d0
  languageName: node
  linkType: hard

"tough-cookie@npm:~2.5.0":
  version: 2.5.0
  resolution: "tough-cookie@npm:2.5.0"
  dependencies:
    psl: ^1.1.28
    punycode: ^2.1.1
  checksum: bf5d6fac5ce0bebc5876cb9b9a79d3d9ea21c9e4099f3d3e64701d6ba170a052cb88cece6737ec2473bac4f0a4f6c75d46ec17985be8587c6bbdd38d91625cb4
  languageName: node
  linkType: hard

"trim-leading-lines@npm:^0.1.1":
  version: 0.1.1
  resolution: "trim-leading-lines@npm:0.1.1"
  dependencies:
    is-whitespace: ^0.3.0
  checksum: b776c1c8250d64c48ea867da094511a5221b92440d42b60bc98211f3c61dfdae68ca282fbfb32d2c7f4df75ea9e72b622cc336cdd940370fc1f0e3fc02b778d6
  languageName: node
  linkType: hard

"tunnel-agent@npm:^0.6.0":
  version: 0.6.0
  resolution: "tunnel-agent@npm:0.6.0"
  dependencies:
    safe-buffer: ^5.0.1
  checksum: 03db75a4f994fee610d3485c492e95105ed265a9fecd49d14c98e9982f973ecc0220d0c1bc264e37802e423a1274bb63788a873e4e07009408ae3ac517347fd7
  languageName: node
  linkType: hard

"tweetnacl@npm:^0.14.3, tweetnacl@npm:~0.14.0":
  version: 0.14.5
  resolution: "tweetnacl@npm:0.14.5"
  checksum: e1c9d52e2e9f582fd0df9ea26ba5a9ab88b9a38b69625d8e55c5e8870a4832ac8c32f8854b41fce7b59f97258bb103535363f9eda7050aa70e75824b972c7dde
  languageName: node
  linkType: hard

"underscore-keypath@npm:~0.0.22":
  version: 0.0.22
  resolution: "underscore-keypath@npm:0.0.22"
  dependencies:
    underscore: "*"
  checksum: aaab5256d2be2a2ad29b28ac78a17f44b49ed3fd966d91ee91839e68c0470804618167181473c8adccb2cdd6649601d833e526d09c3b828036c1eeea1f378695
  languageName: node
  linkType: hard

"underscore@npm:*":
  version: 1.12.0
  resolution: "underscore@npm:1.12.0"
  checksum: c4423fa2c68de8d5e0ccfdeeb7f61f803d6600b8ec14c1f154ad28f8734e3cdf39152e0e09a6a3f1e9911f6a815074b83803a7aa4dfee6f375427ec12e80d1d4
  languageName: node
  linkType: hard

"uri-js@npm:^4.2.2":
  version: 4.4.1
  resolution: "uri-js@npm:4.4.1"
  dependencies:
    punycode: ^2.1.0
  checksum: 7d8ae8e2d7b82480d7d337f3e53c9a89ffdc7ebb1c31f212da3df6349f2fd1e6a4361f5fb27369ecab33fa37aa85edc53aec6eb7c9a7c3207a9e0944e8c48802
  languageName: node
  linkType: hard

"user-agents@npm:^1.0.580":
  version: 1.0.581
  resolution: "user-agents@npm:1.0.581"
  dependencies:
    dot-json: ^1.2.2
    lodash.clonedeep: ^4.5.0
  checksum: 9104c544c5e7ed26711ed1ee908f75ad726933ea81ae652719a4997ad7e398240feeb167a81f08128226b33bbcc160005ce930936e79626582a8751a268afd21
  languageName: node
  linkType: hard

"uuid@npm:^3.3.2":
  version: 3.4.0
  resolution: "uuid@npm:3.4.0"
  bin:
    uuid: ./bin/uuid
  checksum: 1ce3f37e214d6d0dc94a6a9663a0365013ace66bc3fd5b203e6f5d2eeb978aaee1192367222386345d30b4c6a447928c501121aa84c637724bf105ef57284949
  languageName: node
  linkType: hard

"verror@npm:1.10.0":
  version: 1.10.0
  resolution: "verror@npm:1.10.0"
  dependencies:
    assert-plus: ^1.0.0
    core-util-is: 1.0.2
    extsprintf: ^1.2.0
  checksum: 38ea80312cb42e5e8b4ac562d108d675b2354a79f8f125d363671f692657461b9181fd26f4fc9acdca433f8afee099cb78058806e1303e6b15b8fb022affba94
  languageName: node
  linkType: hard

"wrappy@npm:1":
  version: 1.0.2
  resolution: "wrappy@npm:1.0.2"
  checksum: 519fcda0fcdf0c16327be2de9d98646742307bc830277e8868529fcf7566f2b330a6453c233e0cdcb767d5838dd61a90984a02ecc983bcddebea5ad0833bbf98
  languageName: node
  linkType: hard
